Microsoft Visual Studio Solution File, Format Version 12.00
# Visual Studio Version 17
VisualStudioVersion = 17.5.2.0
MinimumVisualStudioVersion = 10.0.40219.1
Project("{FAE04EC0-301F-11D3-BF4B-00C04F79EFBC}") = "fracao", "fracao.csproj", "{5C4D7CF3-3724-3FAF-C237-AE95462FCBAD}"
EndProject
Global
	GlobalSection(SolutionConfigurationPlatforms) = preSolution
		Debug|Any CPU = Debug|Any CPU
		Release|Any CPU = Release|Any CPU
	EndGlobalSection
	GlobalSection(ProjectConfigurationPlatforms) = postSolution
		{5C4D7CF3-3724-3FAF-C237-AE95462FCBAD}.Debug|Any CPU.ActiveCfg = Debug|Any CPU
		{5C4D7CF3-3724-3FAF-C237-AE95462FCBAD}.Debug|Any CPU.Build.0 = Debug|Any CPU
		{5C4D7CF3-3724-3FAF-C237-AE95462FCBAD}.Release|Any CPU.ActiveCfg = Release|Any CPU
		{5C4D7CF3-3724-3FAF-C237-AE95462FCBAD}.Release|Any CPU.Build.0 = Release|Any CPU
	EndGlobalSection
	GlobalSection(SolutionProperties) = preSolution
		HideSolutionNode = FALSE
	EndGlobalSection
	GlobalSection(ExtensibilityGlobals) = postSolution
		SolutionGuid = {513F8225-65C8-4656-BD53-152EC208E364}
	EndGlobalSection
EndGlobal
